{
  "nodes": {
    "boulette": {
      "inputs": {
        "flake-parts": "flake-parts",
        "flake-utils": "flake-utils",
        "nixpkgs": [
          "nixpkgs"
        ],
        "rust-overlay": "rust-overlay"
      },
      "locked": {
        "lastModified": 1737227688,
        "narHash": "sha256-WSVbkkL0U+blLsLCa2PeyNS0qJWbde5qfYUNzuHDRgA=",
        "owner": "pipelight",
        "repo": "boulette",
        "rev": "f602f2ea5f8eaa8e1e58d901b2d39f499a222193",
        "type": "github"
      },
      "original": {
        "owner": "pipelight",
        "ref": "dev",
        "repo": "boulette",
        "type": "github"
      }
    },
    "dns": {
      "inputs": {
        "flake-utils": "flake-utils_2",
        "nixpkgs": [
          "nixpkgs"
        ]
      },
      "locked": {
        "lastModified": 1759510210,
        "narHash": "sha256-rR3BuhcSyQ3bQ0rS14I53O7gWzlPEs15skl1TWx+TeI=",
        "owner": "kirelagin",
        "repo": "dns.nix",
        "rev": "f3cb11f642d4fa6224e2b1ddfd2c3ba42e9ffea2",
        "type": "github"
      },
      "original": {
        "owner": "kirelagin",
        "repo": "dns.nix",
        "type": "github"
      }
    },
    "dora": {
      "inputs": {
        "flake-parts": "flake-parts_2",
        "flake-utils": "flake-utils_3",
        "nixpkgs": "nixpkgs_2",
        "rust-overlay": "rust-overlay_2"
      },
      "locked": {
        "lastModified": 1748927716,
        "narHash": "sha256-Ez39DOr8ExbnCL/7JM6Uj4EBIRZx0rN8iw9bKF3tlyM=",
        "owner": "pipelight",
        "repo": "dora",
        "rev": "3b41c68acd2f40bda7f93a29bac6257523030d2b",
        "type": "github"
      },
      "original": {
        "owner": "pipelight",
        "repo": "dora",
        "type": "github"
      }
    },
    "flake-parts": {
      "inputs": {
        "nixpkgs-lib": "nixpkgs-lib"
      },
      "locked": {
        "lastModified": 1736143030,
        "narHash": "sha256-+hu54pAoLDEZT9pjHlqL9DNzWz0NbUn8NEAHP7PQPzU=",
        "owner": "hercules-ci",
        "repo": "flake-parts",
        "rev": "b905f6fc23a9051a6e1b741e1438dbfc0634c6de",
        "type": "github"
      },
      "original": {
        "owner": "hercules-ci",
        "repo": "flake-parts",
        "type": "github"
      }
    },
    "flake-parts_2": {
      "inputs": {
        "nixpkgs-lib": "nixpkgs-lib_2"
      },
      "locked": {
        "lastModified": 1763759067,
        "narHash": "sha256-LlLt2Jo/gMNYAwOgdRQBrsRoOz7BPRkzvNaI/fzXi2Q=",
        "owner": "hercules-ci",
        "repo": "flake-parts",
        "rev": "2cccadc7357c0ba201788ae99c4dfa90728ef5e0",
        "type": "github"
      },
      "original": {
        "owner": "hercules-ci",
        "repo": "flake-parts",
        "type": "github"
      }
    },
    "flake-parts_3": {
      "inputs": {
        "nixpkgs-lib": "nixpkgs-lib_3"
      },
      "locked": {
        "lastModified": 1763759067,
        "narHash": "sha256-LlLt2Jo/gMNYAwOgdRQBrsRoOz7BPRkzvNaI/fzXi2Q=",
        "owner": "hercules-ci",
        "repo": "flake-parts",
        "rev": "2cccadc7357c0ba201788ae99c4dfa90728ef5e0",
        "type": "github"
      },
      "original": {
        "owner": "hercules-ci",
        "repo": "flake-parts",
        "type": "github"
      }
    },
    "flake-parts_4": {
      "inputs": {
        "nixpkgs-lib": "nixpkgs-lib_4"
      },
      "locked": {
        "lastModified": 1762440070,
        "narHash": "sha256-xxdepIcb39UJ94+YydGP221rjnpkDZUlykKuF54PsqI=",
        "owner": "hercules-ci",
        "repo": "flake-parts",
        "rev": "26d05891e14c88eb4a5d5bee659c0db5afb609d8",
        "type": "github"
      },
      "original": {
        "owner": "hercules-ci",
        "repo": "flake-parts",
        "type": "github"
      }
    },
    "flake-utils": {
      "inputs": {
        "systems": "systems"
      },
      "locked": {
        "lastModified": 1731533236,
        "narHash": "sha256-l0KFg5HjrsfsO/JpG+r7fRrqm12kzFHyUHqHCVpMMbI=",
        "owner": "numtide",
        "repo": "flake-utils",
        "rev": "11707dc2f618dd54ca8739b309ec4fc024de578b",
        "type": "github"
      },
      "original": {
        "owner": "numtide",
        "repo": "flake-utils",
        "type": "github"
      }
    },
    "flake-utils_2": {
      "locked": {
        "lastModified": 1614513358,
        "narHash": "sha256-LakhOx3S1dRjnh0b5Dg3mbZyH0ToC9I8Y2wKSkBaTzU=",
        "owner": "numtide",
        "repo": "flake-utils",
        "rev": "5466c5bbece17adaab2d82fae80b46e807611bf3",
        "type": "github"
      },
      "original": {
        "owner": "numtide",
        "repo": "flake-utils",
        "type": "github"
      }
    },
    "flake-utils_3": {
      "inputs": {
        "systems": "systems_2"
      },
      "locked": {
        "lastModified": 1731533236,
        "narHash": "sha256-l0KFg5HjrsfsO/JpG+r7fRrqm12kzFHyUHqHCVpMMbI=",
        "owner": "numtide",
        "repo": "flake-utils",
        "rev": "11707dc2f618dd54ca8739b309ec4fc024de578b",
        "type": "github"
      },
      "original": {
        "owner": "numtide",
        "repo": "flake-utils",
        "type": "github"
      }
    },
    "flake-utils_4": {
      "inputs": {
        "systems": "systems_3"
      },
      "locked": {
        "lastModified": 1731533236,
        "narHash": "sha256-l0KFg5HjrsfsO/JpG+r7fRrqm12kzFHyUHqHCVpMMbI=",
        "owner": "numtide",
        "repo": "flake-utils",
        "rev": "11707dc2f618dd54ca8739b309ec4fc024de578b",
        "type": "github"
      },
      "original": {
        "owner": "numtide",
        "repo": "flake-utils",
        "type": "github"
      }
    },
    "home-manager": {
      "inputs": {
        "nixpkgs": [
          "nixpkgs"
        ]
      },
      "locked": {
        "lastModified": 1765172714,
        "narHash": "sha256-/cjofqGxSWpRj2XJM+Bd5VUgWDkBWSxxO//HE+zOHMY=",
        "owner": "nix-community",
        "repo": "home-manager",
        "rev": "a7887340779d5e70ef68012f3823568ee59eaa30",
        "type": "github"
      },
      "original": {
        "owner": "nix-community",
        "repo": "home-manager",
        "type": "github"
      }
    },
    "home-manager_2": {
      "inputs": {
        "nixpkgs": "nixpkgs_4"
      },
      "locked": {
        "lastModified": 1762463325,
        "narHash": "sha256-33YUsWpPyeBZEWrKQ2a1gkRZ7i0XCC/2MYpU6BVeQSU=",
        "owner": "nix-community",
        "repo": "home-manager",
        "rev": "0562fef070a1027325dd4ea10813d64d2c967b39",
        "type": "github"
      },
      "original": {
        "owner": "nix-community",
        "repo": "home-manager",
        "type": "github"
      }
    },
    "nix-std": {
      "locked": {
        "lastModified": 1710870712,
        "narHash": "sha256-e+7MJF2gsgTBuOWv4mCimSP0D9+naeFSw9a7N3yEmv4=",
        "owner": "chessai",
        "repo": "nix-std",
        "rev": "31bbc925750cc9d8f828fe55cee1a2bd985e0c00",
        "type": "github"
      },
      "original": {
        "owner": "chessai",
        "repo": "nix-std",
        "type": "github"
      }
    },
    "nixos-tidy": {
      "inputs": {
        "flake-parts": "flake-parts_4",
        "home-manager": "home-manager_2",
        "nixpkgs": [
          "nixpkgs"
        ]
      },
      "locked": {
        "lastModified": 1763464777,
        "narHash": "sha256-d4p+CoBaS6D3aQbcN2wwNnKzv2YwOhMXyk2cM+KtIKQ=",
        "owner": "pipelight",
        "repo": "nixos-tidy",
        "rev": "6893d4851714efe576f9f4f25c8091b75860ce9d",
        "type": "github"
      },
      "original": {
        "owner": "pipelight",
        "ref": "dev",
        "repo": "nixos-tidy",
        "type": "github"
      }
    },
    "nixpkgs": {
      "locked": {
        "lastModified": 1728538411,
        "narHash": "sha256-f0SBJz1eZ2yOuKUr5CA9BHULGXVSn6miBuUWdTyhUhU=",
        "owner": "NixOS",
        "repo": "nixpkgs",
        "rev": "b69de56fac8c2b6f8fd27f2eca01dcda8e0a4221",
        "type": "github"
      },
      "original": {
        "owner": "NixOS",
        "ref": "nixpkgs-unstable",
        "repo": "nixpkgs",
        "type": "github"
      }
    },
    "nixpkgs-deprecated": {
      "locked": {
        "lastModified": 1751274312,
        "narHash": "sha256-/bVBlRpECLVzjV19t5KMdMFWSwKLtb5RyXdjz3LJT+g=",
        "owner": "nixos",
        "repo": "nixpkgs",
        "rev": "50ab793786d9de88ee30ec4e4c24fb4236fc2674",
        "type": "github"
      },
      "original": {
        "owner": "nixos",
        "ref": "nixos-24.11",
        "repo": "nixpkgs",
        "type": "github"
      }
    },
    "nixpkgs-lib": {
      "locked": {
        "lastModified": 1735774519,
        "narHash": "sha256-CewEm1o2eVAnoqb6Ml+Qi9Gg/EfNAxbRx1lANGVyoLI=",
        "type": "tarball",
        "url": "https://github.com/NixOS/nixpkgs/archive/e9b51731911566bbf7e4895475a87fe06961de0b.tar.gz"
      },
      "original": {
        "type": "tarball",
        "url": "https://github.com/NixOS/nixpkgs/archive/e9b51731911566bbf7e4895475a87fe06961de0b.tar.gz"
      }
    },
    "nixpkgs-lib_2": {
      "locked": {
        "lastModified": 1761765539,
        "narHash": "sha256-b0yj6kfvO8ApcSE+QmA6mUfu8IYG6/uU28OFn4PaC8M=",
        "owner": "nix-community",
        "repo": "nixpkgs.lib",
        "rev": "719359f4562934ae99f5443f20aa06c2ffff91fc",
        "type": "github"
      },
      "original": {
        "owner": "nix-community",
        "repo": "nixpkgs.lib",
        "type": "github"
      }
    },
    "nixpkgs-lib_3": {
      "locked": {
        "lastModified": 1761765539,
        "narHash": "sha256-b0yj6kfvO8ApcSE+QmA6mUfu8IYG6/uU28OFn4PaC8M=",
        "owner": "nix-community",
        "repo": "nixpkgs.lib",
        "rev": "719359f4562934ae99f5443f20aa06c2ffff91fc",
        "type": "github"
      },
      "original": {
        "owner": "nix-community",
        "repo": "nixpkgs.lib",
        "type": "github"
      }
    },
    "nixpkgs-lib_4": {
      "locked": {
        "lastModified": 1761765539,
        "narHash": "sha256-b0yj6kfvO8ApcSE+QmA6mUfu8IYG6/uU28OFn4PaC8M=",
        "owner": "nix-community",
        "repo": "nixpkgs.lib",
        "rev": "719359f4562934ae99f5443f20aa06c2ffff91fc",
        "type": "github"
      },
      "original": {
        "owner": "nix-community",
        "repo": "nixpkgs.lib",
        "type": "github"
      }
    },
    "nixpkgs-stable": {
      "locked": {
        "lastModified": 1764939437,
        "narHash": "sha256-4TLFHUwXraw9Df5mXC/vCrJgb50CRr3CzUzF0Mn3CII=",
        "owner": "nixos",
        "repo": "nixpkgs",
        "rev": "00d2457e2f608b4be6fe8b470b0a36816324b0ae",
        "type": "github"
      },
      "original": {
        "owner": "nixos",
        "ref": "nixos-25.05",
        "repo": "nixpkgs",
        "type": "github"
      }
    },
    "nixpkgs-unstable": {
      "locked": {
        "lastModified": 1764950072,
        "narHash": "sha256-BmPWzogsG2GsXZtlT+MTcAWeDK5hkbGRZTeZNW42fwA=",
        "owner": "nixos",
        "repo": "nixpkgs",
        "rev": "f61125a668a320878494449750330ca58b78c557",
        "type": "github"
      },
      "original": {
        "owner": "nixos",
        "ref": "nixos-unstable",
        "repo": "nixpkgs",
        "type": "github"
      }
    },
    "nixpkgs_2": {
      "locked": {
        "lastModified": 1764950072,
        "narHash": "sha256-BmPWzogsG2GsXZtlT+MTcAWeDK5hkbGRZTeZNW42fwA=",
        "owner": "NixOS",
        "repo": "nixpkgs",
        "rev": "f61125a668a320878494449750330ca58b78c557",
        "type": "github"
      },
      "original": {
        "owner": "NixOS",
        "ref": "nixos-unstable",
        "repo": "nixpkgs",
        "type": "github"
      }
    },
    "nixpkgs_3": {
      "locked": {
        "lastModified": 1744536153,
        "narHash": "sha256-awS2zRgF4uTwrOKwwiJcByDzDOdo3Q1rPZbiHQg/N38=",
        "owner": "NixOS",
        "repo": "nixpkgs",
        "rev": "18dd725c29603f582cf1900e0d25f9f1063dbf11",
        "type": "github"
      },
      "original": {
        "owner": "NixOS",
        "ref": "nixpkgs-unstable",
        "repo": "nixpkgs",
        "type": "github"
      }
    },
    "nixpkgs_4": {
      "locked": {
        "lastModified": 1762111121,
        "narHash": "sha256-4vhDuZ7OZaZmKKrnDpxLZZpGIJvAeMtK6FKLJYUtAdw=",
        "owner": "NixOS",
        "repo": "nixpkgs",
        "rev": "b3d51a0365f6695e7dd5cdf3e180604530ed33b4",
        "type": "github"
      },
      "original": {
        "owner": "NixOS",
        "ref": "nixos-unstable",
        "repo": "nixpkgs",
        "type": "github"
      }
    },
    "nixpkgs_5": {
      "locked": {
        "lastModified": 1764983851,
        "narHash": "sha256-y7RPKl/jJ/KAP/VKLMghMgXTlvNIJMHKskl8/Uuar7o=",
        "owner": "nixos",
        "repo": "nixpkgs",
        "rev": "d9bc5c7dceb30d8d6fafa10aeb6aa8a48c218454",
        "type": "github"
      },
      "original": {
        "owner": "nixos",
        "ref": "nixos-25.11",
        "repo": "nixpkgs",
        "type": "github"
      }
    },
    "root": {
      "inputs": {
        "boulette": "boulette",
        "dns": "dns",
        "dora": "dora",
        "flake-parts": "flake-parts_3",
        "flake-utils": "flake-utils_4",
        "home-manager": "home-manager",
        "nix-std": "nix-std",
        "nixos-tidy": "nixos-tidy",
        "nixpkgs": "nixpkgs_5",
        "nixpkgs-deprecated": "nixpkgs-deprecated",
        "nixpkgs-stable": "nixpkgs-stable",
        "nixpkgs-unstable": "nixpkgs-unstable"
      }
    },
    "rust-overlay": {
      "inputs": {
        "nixpkgs": "nixpkgs"
      },
      "locked": {
        "lastModified": 1736216977,
        "narHash": "sha256-EMueGrzBpryM8mgOyoyJ7DdNRRk09ug1ggcLLp0WrCQ=",
        "owner": "oxalica",
        "repo": "rust-overlay",
        "rev": "bbe7e4e7a70d235db4bbdcabbf8a2f6671881dd7",
        "type": "github"
      },
      "original": {
        "owner": "oxalica",
        "repo": "rust-overlay",
        "type": "github"
      }
    },
    "rust-overlay_2": {
      "inputs": {
        "nixpkgs": "nixpkgs_3"
      },
      "locked": {
        "lastModified": 1765161692,
        "narHash": "sha256-XdY9AFzmgRPYIhP4N+WiCHMNxPoifP5/Ld+orMYBD8c=",
        "owner": "oxalica",
        "repo": "rust-overlay",
        "rev": "7ed7e8c74be95906275805db68201e74e9904f07",
        "type": "github"
      },
      "original": {
        "owner": "oxalica",
        "repo": "rust-overlay",
        "type": "github"
      }
    },
    "systems": {
      "locked": {
        "lastModified": 1681028828,
        "narHash": "sha256-Vy1rq5AaRuLzOxct8nz4T6wlgyUR7zLU309k9mBC768=",
        "owner": "nix-systems",
        "repo": "default",
        "rev": "da67096a3b9bf56a91d16901293e51ba5b49a27e",
        "type": "github"
      },
      "original": {
        "owner": "nix-systems",
        "repo": "default",
        "type": "github"
      }
    },
    "systems_2": {
      "locked": {
        "lastModified": 1681028828,
        "narHash": "sha256-Vy1rq5AaRuLzOxct8nz4T6wlgyUR7zLU309k9mBC768=",
        "owner": "nix-systems",
        "repo": "default",
        "rev": "da67096a3b9bf56a91d16901293e51ba5b49a27e",
        "type": "github"
      },
      "original": {
        "owner": "nix-systems",
        "repo": "default",
        "type": "github"
      }
    },
    "systems_3": {
      "locked": {
        "lastModified": 1681028828,
        "narHash": "sha256-Vy1rq5AaRuLzOxct8nz4T6wlgyUR7zLU309k9mBC768=",
        "owner": "nix-systems",
        "repo": "default",
        "rev": "da67096a3b9bf56a91d16901293e51ba5b49a27e",
        "type": "github"
      },
      "original": {
        "owner": "nix-systems",
        "repo": "default",
        "type": "github"
      }
    }
  },
  "root": "root",
  "version": 7
}
