{
  "nodes": {
    "advisory-db": {
      "flake": false,
      "locked": {
        "lastModified": 1739520703,
        "narHash": "sha256-UqR1f9gThWNBCBobWet7T46vTSxkB6dVAdeqNBoF8mc=",
        "owner": "rustsec",
        "repo": "advisory-db",
        "rev": "ddccfe8aced779f7b54d27bbe7e122ecb1dda33a",
        "type": "github"
      },
      "original": {
        "owner": "rustsec",
        "repo": "advisory-db",
        "type": "github"
      }
    },
    "arkenfox": {
      "inputs": {
        "flake-compat": "flake-compat",
        "nixpkgs": "nixpkgs",
        "pre-commit": "pre-commit"
      },
      "locked": {
        "lastModified": 1751321356,
        "narHash": "sha256-7vrKgcIg7jOHVEJrpfjNjcqZnsAoXnJvKK8NuV1x2kU=",
        "owner": "dwarfmaster",
        "repo": "arkenfox-nixos",
        "rev": "3f04af64f37dad55446417fc2f8c6cf754fde879",
        "type": "github"
      },
      "original": {
        "owner": "dwarfmaster",
        "repo": "arkenfox-nixos",
        "type": "github"
      }
    },
    "boulette": {
      "inputs": {
        "flake-parts": "flake-parts",
        "flake-utils": "flake-utils",
        "nixpkgs": [
          "nixpkgs"
        ],
        "rust-overlay": "rust-overlay"
      },
      "locked": {
        "lastModified": 1737227688,
        "narHash": "sha256-WSVbkkL0U+blLsLCa2PeyNS0qJWbde5qfYUNzuHDRgA=",
        "owner": "pipelight",
        "repo": "boulette",
        "rev": "f602f2ea5f8eaa8e1e58d901b2d39f499a222193",
        "type": "github"
      },
      "original": {
        "owner": "pipelight",
        "ref": "dev",
        "repo": "boulette",
        "type": "github"
      }
    },
    "crane": {
      "locked": {
        "lastModified": 1739936662,
        "narHash": "sha256-x4syUjNUuRblR07nDPeLDP7DpphaBVbUaSoeZkFbGSk=",
        "owner": "ipetkov",
        "repo": "crane",
        "rev": "19de14aaeb869287647d9461cbd389187d8ecdb7",
        "type": "github"
      },
      "original": {
        "owner": "ipetkov",
        "repo": "crane",
        "type": "github"
      }
    },
    "dns": {
      "inputs": {
        "flake-utils": "flake-utils_2",
        "nixpkgs": [
          "nixpkgs"
        ]
      },
      "locked": {
        "lastModified": 1737653493,
        "narHash": "sha256-qTbv8Pm9WWF63M5Fj0Od9E54/lsbMSQUBHw/s30eFok=",
        "owner": "kirelagin",
        "repo": "dns.nix",
        "rev": "96e548ae8bd44883afc5bddb9dacd0502542276d",
        "type": "github"
      },
      "original": {
        "owner": "kirelagin",
        "repo": "dns.nix",
        "type": "github"
      }
    },
    "dora": {
      "inputs": {
        "flake-parts": "flake-parts_2",
        "flake-utils": "flake-utils_3",
        "nixpkgs": "nixpkgs_4",
        "rust-overlay": "rust-overlay_2"
      },
      "locked": {
        "lastModified": 1748927716,
        "narHash": "sha256-Ez39DOr8ExbnCL/7JM6Uj4EBIRZx0rN8iw9bKF3tlyM=",
        "owner": "pipelight",
        "repo": "dora",
        "rev": "3b41c68acd2f40bda7f93a29bac6257523030d2b",
        "type": "github"
      },
      "original": {
        "owner": "pipelight",
        "repo": "dora",
        "type": "github"
      }
    },
    "flake-compat": {
      "flake": false,
      "locked": {
        "lastModified": 1747046372,
        "narHash": "sha256-CIVLLkVgvHYbgI2UpXvIIBJ12HWgX+fjA8Xf8PUmqCY=",
        "owner": "edolstra",
        "repo": "flake-compat",
        "rev": "9100a0f413b0c601e0533d1d94ffd501ce2e7885",
        "type": "github"
      },
      "original": {
        "owner": "edolstra",
        "repo": "flake-compat",
        "type": "github"
      }
    },
    "flake-compat_2": {
      "flake": false,
      "locked": {
        "lastModified": 1696426674,
        "narHash": "sha256-kvjfFW7WAETZlt09AgDn1MrtKzP7t90Vf7vypd3OL1U=",
        "owner": "edolstra",
        "repo": "flake-compat",
        "rev": "0f9255e01c2351cc7d116c072cb317785dd33b33",
        "type": "github"
      },
      "original": {
        "owner": "edolstra",
        "repo": "flake-compat",
        "type": "github"
      }
    },
    "flake-compat_3": {
      "flake": false,
      "locked": {
        "lastModified": 1747046372,
        "narHash": "sha256-CIVLLkVgvHYbgI2UpXvIIBJ12HWgX+fjA8Xf8PUmqCY=",
        "owner": "edolstra",
        "repo": "flake-compat",
        "rev": "9100a0f413b0c601e0533d1d94ffd501ce2e7885",
        "type": "github"
      },
      "original": {
        "owner": "edolstra",
        "repo": "flake-compat",
        "type": "github"
      }
    },
    "flake-compat_4": {
      "flake": false,
      "locked": {
        "lastModified": 1696426674,
        "narHash": "sha256-kvjfFW7WAETZlt09AgDn1MrtKzP7t90Vf7vypd3OL1U=",
        "owner": "edolstra",
        "repo": "flake-compat",
        "rev": "0f9255e01c2351cc7d116c072cb317785dd33b33",
        "type": "github"
      },
      "original": {
        "owner": "edolstra",
        "repo": "flake-compat",
        "type": "github"
      }
    },
    "flake-parts": {
      "inputs": {
        "nixpkgs-lib": "nixpkgs-lib"
      },
      "locked": {
        "lastModified": 1736143030,
        "narHash": "sha256-+hu54pAoLDEZT9pjHlqL9DNzWz0NbUn8NEAHP7PQPzU=",
        "owner": "hercules-ci",
        "repo": "flake-parts",
        "rev": "b905f6fc23a9051a6e1b741e1438dbfc0634c6de",
        "type": "github"
      },
      "original": {
        "owner": "hercules-ci",
        "repo": "flake-parts",
        "type": "github"
      }
    },
    "flake-parts_2": {
      "inputs": {
        "nixpkgs-lib": "nixpkgs-lib_2"
      },
      "locked": {
        "lastModified": 1754487366,
        "narHash": "sha256-pHYj8gUBapuUzKV/kN/tR3Zvqc7o6gdFB9XKXIp1SQ8=",
        "owner": "hercules-ci",
        "repo": "flake-parts",
        "rev": "af66ad14b28a127c5c0f3bbb298218fc63528a18",
        "type": "github"
      },
      "original": {
        "owner": "hercules-ci",
        "repo": "flake-parts",
        "type": "github"
      }
    },
    "flake-parts_3": {
      "inputs": {
        "nixpkgs-lib": "nixpkgs-lib_3"
      },
      "locked": {
        "lastModified": 1754487366,
        "narHash": "sha256-pHYj8gUBapuUzKV/kN/tR3Zvqc7o6gdFB9XKXIp1SQ8=",
        "owner": "hercules-ci",
        "repo": "flake-parts",
        "rev": "af66ad14b28a127c5c0f3bbb298218fc63528a18",
        "type": "github"
      },
      "original": {
        "owner": "hercules-ci",
        "repo": "flake-parts",
        "type": "github"
      }
    },
    "flake-parts_4": {
      "inputs": {
        "nixpkgs-lib": "nixpkgs-lib_4"
      },
      "locked": {
        "lastModified": 1741352980,
        "narHash": "sha256-+u2UunDA4Cl5Fci3m7S643HzKmIDAe+fiXrLqYsR2fs=",
        "owner": "hercules-ci",
        "repo": "flake-parts",
        "rev": "f4330d22f1c5d2ba72d3d22df5597d123fdb60a9",
        "type": "github"
      },
      "original": {
        "owner": "hercules-ci",
        "repo": "flake-parts",
        "type": "github"
      }
    },
    "flake-parts_5": {
      "inputs": {
        "nixpkgs-lib": [
          "nur",
          "nixpkgs"
        ]
      },
      "locked": {
        "lastModified": 1733312601,
        "narHash": "sha256-4pDvzqnegAfRkPwO3wmwBhVi/Sye1mzps0zHWYnP88c=",
        "owner": "hercules-ci",
        "repo": "flake-parts",
        "rev": "205b12d8b7cd4802fbcb8e8ef6a0f1408781a4f9",
        "type": "github"
      },
      "original": {
        "owner": "hercules-ci",
        "repo": "flake-parts",
        "type": "github"
      }
    },
    "flake-parts_6": {
      "inputs": {
        "nixpkgs-lib": "nixpkgs-lib_5"
      },
      "locked": {
        "lastModified": 1754487366,
        "narHash": "sha256-pHYj8gUBapuUzKV/kN/tR3Zvqc7o6gdFB9XKXIp1SQ8=",
        "owner": "hercules-ci",
        "repo": "flake-parts",
        "rev": "af66ad14b28a127c5c0f3bbb298218fc63528a18",
        "type": "github"
      },
      "original": {
        "owner": "hercules-ci",
        "repo": "flake-parts",
        "type": "github"
      }
    },
    "flake-parts_7": {
      "inputs": {
        "nixpkgs-lib": "nixpkgs-lib_6"
      },
      "locked": {
        "lastModified": 1754487366,
        "narHash": "sha256-pHYj8gUBapuUzKV/kN/tR3Zvqc7o6gdFB9XKXIp1SQ8=",
        "owner": "hercules-ci",
        "repo": "flake-parts",
        "rev": "af66ad14b28a127c5c0f3bbb298218fc63528a18",
        "type": "github"
      },
      "original": {
        "owner": "hercules-ci",
        "repo": "flake-parts",
        "type": "github"
      }
    },
    "flake-parts_8": {
      "inputs": {
        "nixpkgs-lib": "nixpkgs-lib_7"
      },
      "locked": {
        "lastModified": 1743550720,
        "narHash": "sha256-hIshGgKZCgWh6AYJpJmRgFdR3WUbkY04o82X05xqQiY=",
        "owner": "hercules-ci",
        "repo": "flake-parts",
        "rev": "c621e8422220273271f52058f618c94e405bb0f5",
        "type": "github"
      },
      "original": {
        "owner": "hercules-ci",
        "repo": "flake-parts",
        "type": "github"
      }
    },
    "flake-utils": {
      "inputs": {
        "systems": "systems"
      },
      "locked": {
        "lastModified": 1731533236,
        "narHash": "sha256-l0KFg5HjrsfsO/JpG+r7fRrqm12kzFHyUHqHCVpMMbI=",
        "owner": "numtide",
        "repo": "flake-utils",
        "rev": "11707dc2f618dd54ca8739b309ec4fc024de578b",
        "type": "github"
      },
      "original": {
        "owner": "numtide",
        "repo": "flake-utils",
        "type": "github"
      }
    },
    "flake-utils_10": {
      "inputs": {
        "systems": "systems_9"
      },
      "locked": {
        "lastModified": 1731533236,
        "narHash": "sha256-l0KFg5HjrsfsO/JpG+r7fRrqm12kzFHyUHqHCVpMMbI=",
        "owner": "numtide",
        "repo": "flake-utils",
        "rev": "11707dc2f618dd54ca8739b309ec4fc024de578b",
        "type": "github"
      },
      "original": {
        "owner": "numtide",
        "repo": "flake-utils",
        "type": "github"
      }
    },
    "flake-utils_11": {
      "inputs": {
        "systems": "systems_10"
      },
      "locked": {
        "lastModified": 1710146030,
        "narHash": "sha256-SZ5L6eA7HJ/nmkzGG7/ISclqe6oZdOZTNoesiInkXPQ=",
        "owner": "numtide",
        "repo": "flake-utils",
        "rev": "b1d9ab70662946ef0850d488da1c9019f3a9752a",
        "type": "github"
      },
      "original": {
        "owner": "numtide",
        "repo": "flake-utils",
        "type": "github"
      }
    },
    "flake-utils_2": {
      "locked": {
        "lastModified": 1614513358,
        "narHash": "sha256-LakhOx3S1dRjnh0b5Dg3mbZyH0ToC9I8Y2wKSkBaTzU=",
        "owner": "numtide",
        "repo": "flake-utils",
        "rev": "5466c5bbece17adaab2d82fae80b46e807611bf3",
        "type": "github"
      },
      "original": {
        "owner": "numtide",
        "repo": "flake-utils",
        "type": "github"
      }
    },
    "flake-utils_3": {
      "inputs": {
        "systems": "systems_2"
      },
      "locked": {
        "lastModified": 1731533236,
        "narHash": "sha256-l0KFg5HjrsfsO/JpG+r7fRrqm12kzFHyUHqHCVpMMbI=",
        "owner": "numtide",
        "repo": "flake-utils",
        "rev": "11707dc2f618dd54ca8739b309ec4fc024de578b",
        "type": "github"
      },
      "original": {
        "owner": "numtide",
        "repo": "flake-utils",
        "type": "github"
      }
    },
    "flake-utils_4": {
      "inputs": {
        "systems": "systems_3"
      },
      "locked": {
        "lastModified": 1731533236,
        "narHash": "sha256-l0KFg5HjrsfsO/JpG+r7fRrqm12kzFHyUHqHCVpMMbI=",
        "owner": "numtide",
        "repo": "flake-utils",
        "rev": "11707dc2f618dd54ca8739b309ec4fc024de578b",
        "type": "github"
      },
      "original": {
        "owner": "numtide",
        "repo": "flake-utils",
        "type": "github"
      }
    },
    "flake-utils_5": {
      "inputs": {
        "systems": "systems_4"
      },
      "locked": {
        "lastModified": 1731533236,
        "narHash": "sha256-l0KFg5HjrsfsO/JpG+r7fRrqm12kzFHyUHqHCVpMMbI=",
        "owner": "numtide",
        "repo": "flake-utils",
        "rev": "11707dc2f618dd54ca8739b309ec4fc024de578b",
        "type": "github"
      },
      "original": {
        "owner": "numtide",
        "repo": "flake-utils",
        "type": "github"
      }
    },
    "flake-utils_6": {
      "inputs": {
        "systems": "systems_5"
      },
      "locked": {
        "lastModified": 1731533236,
        "narHash": "sha256-l0KFg5HjrsfsO/JpG+r7fRrqm12kzFHyUHqHCVpMMbI=",
        "owner": "numtide",
        "repo": "flake-utils",
        "rev": "11707dc2f618dd54ca8739b309ec4fc024de578b",
        "type": "github"
      },
      "original": {
        "owner": "numtide",
        "repo": "flake-utils",
        "type": "github"
      }
    },
    "flake-utils_7": {
      "inputs": {
        "systems": "systems_6"
      },
      "locked": {
        "lastModified": 1731533236,
        "narHash": "sha256-l0KFg5HjrsfsO/JpG+r7fRrqm12kzFHyUHqHCVpMMbI=",
        "owner": "numtide",
        "repo": "flake-utils",
        "rev": "11707dc2f618dd54ca8739b309ec4fc024de578b",
        "type": "github"
      },
      "original": {
        "owner": "numtide",
        "repo": "flake-utils",
        "type": "github"
      }
    },
    "flake-utils_8": {
      "inputs": {
        "systems": "systems_7"
      },
      "locked": {
        "lastModified": 1710146030,
        "narHash": "sha256-SZ5L6eA7HJ/nmkzGG7/ISclqe6oZdOZTNoesiInkXPQ=",
        "owner": "numtide",
        "repo": "flake-utils",
        "rev": "b1d9ab70662946ef0850d488da1c9019f3a9752a",
        "type": "github"
      },
      "original": {
        "owner": "numtide",
        "repo": "flake-utils",
        "type": "github"
      }
    },
    "flake-utils_9": {
      "inputs": {
        "systems": "systems_8"
      },
      "locked": {
        "lastModified": 1731533236,
        "narHash": "sha256-l0KFg5HjrsfsO/JpG+r7fRrqm12kzFHyUHqHCVpMMbI=",
        "owner": "numtide",
        "repo": "flake-utils",
        "rev": "11707dc2f618dd54ca8739b309ec4fc024de578b",
        "type": "github"
      },
      "original": {
        "owner": "numtide",
        "repo": "flake-utils",
        "type": "github"
      }
    },
    "git-hooks": {
      "inputs": {
        "flake-compat": "flake-compat_4",
        "gitignore": "gitignore_2",
        "nixpkgs": [
          "radicle",
          "nixpkgs"
        ]
      },
      "locked": {
        "lastModified": 1742649964,
        "narHash": "sha256-DwOTp7nvfi8mRfuL1escHDXabVXFGT1VlPD1JHrtrco=",
        "owner": "cachix",
        "repo": "git-hooks.nix",
        "rev": "dcf5072734cb576d2b0c59b2ac44f5050b5eac82",
        "type": "github"
      },
      "original": {
        "owner": "cachix",
        "repo": "git-hooks.nix",
        "type": "github"
      }
    },
    "gitignore": {
      "inputs": {
        "nixpkgs": [
          "arkenfox",
          "pre-commit",
          "nixpkgs"
        ]
      },
      "locked": {
        "lastModified": 1709087332,
        "narHash": "sha256-HG2cCnktfHsKV0s4XW83gU3F57gaTljL9KNSuG6bnQs=",
        "owner": "hercules-ci",
        "repo": "gitignore.nix",
        "rev": "637db329424fd7e46cf4185293b9cc8c88c95394",
        "type": "github"
      },
      "original": {
        "owner": "hercules-ci",
        "repo": "gitignore.nix",
        "type": "github"
      }
    },
    "gitignore_2": {
      "inputs": {
        "nixpkgs": [
          "radicle",
          "git-hooks",
          "nixpkgs"
        ]
      },
      "locked": {
        "lastModified": 1709087332,
        "narHash": "sha256-HG2cCnktfHsKV0s4XW83gU3F57gaTljL9KNSuG6bnQs=",
        "owner": "hercules-ci",
        "repo": "gitignore.nix",
        "rev": "637db329424fd7e46cf4185293b9cc8c88c95394",
        "type": "github"
      },
      "original": {
        "owner": "hercules-ci",
        "repo": "gitignore.nix",
        "type": "github"
      }
    },
    "home-manager": {
      "inputs": {
        "nixpkgs": [
          "nixpkgs"
        ]
      },
      "locked": {
        "lastModified": 1755121891,
        "narHash": "sha256-UtYkukiGnPRJ5rpd4W/wFVrLMh8fqtNkqHTPgHEtrqU=",
        "owner": "nix-community",
        "repo": "home-manager",
        "rev": "279ca5addcdcfa31ac852b3ecb39fc372684f426",
        "type": "github"
      },
      "original": {
        "owner": "nix-community",
        "repo": "home-manager",
        "type": "github"
      }
    },
    "home-manager_2": {
      "inputs": {
        "nixpkgs": [
          "nixos-tidy",
          "nixpkgs"
        ]
      },
      "locked": {
        "lastModified": 1742871411,
        "narHash": "sha256-F3xBdOs5m0SE6Gq3jz+JxDOPvsLs22vbGfD05uF6xEc=",
        "owner": "nix-community",
        "repo": "home-manager",
        "rev": "869f2ec2add75ce2a70a6dbbf585b8399abec625",
        "type": "github"
      },
      "original": {
        "owner": "nix-community",
        "repo": "home-manager",
        "type": "github"
      }
    },
    "impermanence": {
      "locked": {
        "lastModified": 1737831083,
        "narHash": "sha256-LJggUHbpyeDvNagTUrdhe/pRVp4pnS6wVKALS782gRI=",
        "owner": "nix-community",
        "repo": "impermanence",
        "rev": "4b3e914cdf97a5b536a889e939fb2fd2b043a170",
        "type": "github"
      },
      "original": {
        "owner": "nix-community",
        "repo": "impermanence",
        "type": "github"
      }
    },
    "nix-options-doc": {
      "inputs": {
        "flake-utils": "flake-utils_5",
        "nixpkgs": "nixpkgs_6",
        "rust-overlay": "rust-overlay_3"
      },
      "locked": {
        "lastModified": 1742115705,
        "narHash": "sha256-RfXwJPWBoWswIU68+y/XZfTWtFHd/fK14bKvOlRmfPo=",
        "owner": "Thunderbottom",
        "repo": "nix-options-doc",
        "rev": "2caa4b5756a8666d65d70122f413e295f56886e7",
        "type": "github"
      },
      "original": {
        "owner": "Thunderbottom",
        "ref": "v0.2.0",
        "repo": "nix-options-doc",
        "type": "github"
      }
    },
    "nix-std": {
      "locked": {
        "lastModified": 1710870712,
        "narHash": "sha256-e+7MJF2gsgTBuOWv4mCimSP0D9+naeFSw9a7N3yEmv4=",
        "owner": "chessai",
        "repo": "nix-std",
        "rev": "31bbc925750cc9d8f828fe55cee1a2bd985e0c00",
        "type": "github"
      },
      "original": {
        "owner": "chessai",
        "repo": "nix-std",
        "type": "github"
      }
    },
    "nixos-cli": {
      "inputs": {
        "flake-compat": "flake-compat_3",
        "nix-options-doc": "nix-options-doc",
        "nixpkgs": "nixpkgs_7"
      },
      "locked": {
        "lastModified": 1754850423,
        "narHash": "sha256-uhNlqlu8/O6oXgxd+v+hQ9yU1TAZcPIrdR45YPT6Gew=",
        "owner": "water-sucks",
        "repo": "nixos",
        "rev": "e4098e34960a5270d65aab5bd87ae440c3d7a481",
        "type": "github"
      },
      "original": {
        "owner": "water-sucks",
        "repo": "nixos",
        "type": "github"
      }
    },
    "nixos-tidy": {
      "inputs": {
        "flake-parts": "flake-parts_4",
        "home-manager": "home-manager_2",
        "nixpkgs": [
          "nixpkgs"
        ]
      },
      "locked": {
        "lastModified": 1743165682,
        "narHash": "sha256-xXesI3/ipon9xlFgtfUYAlQeKd1KbD4aCxA93yItU/8=",
        "owner": "pipelight",
        "repo": "nixos-tidy",
        "rev": "ab1dd18eab04cb6b45c507fccca4a19cb5f58adf",
        "type": "github"
      },
      "original": {
        "owner": "pipelight",
        "ref": "dev",
        "repo": "nixos-tidy",
        "type": "github"
      }
    },
    "nixpkgs": {
      "locked": {
        "lastModified": 1705957679,
        "narHash": "sha256-Q8LJaVZGJ9wo33wBafvZSzapYsjOaNjP/pOnSiKVGHY=",
        "owner": "NixOS",
        "repo": "nixpkgs",
        "rev": "9a333eaa80901efe01df07eade2c16d183761fa3",
        "type": "github"
      },
      "original": {
        "id": "nixpkgs",
        "ref": "release-23.05",
        "type": "indirect"
      }
    },
    "nixpkgs-deprecated": {
      "locked": {
        "lastModified": 1735563628,
        "narHash": "sha256-OnSAY7XDSx7CtDoqNh8jwVwh4xNL/2HaJxGjryLWzX8=",
        "owner": "nixos",
        "repo": "nixpkgs",
        "rev": "b134951a4c9f3c995fd7be05f3243f8ecd65d798",
        "type": "github"
      },
      "original": {
        "owner": "nixos",
        "ref": "nixos-24.05",
        "repo": "nixpkgs",
        "type": "github"
      }
    },
    "nixpkgs-lib": {
      "locked": {
        "lastModified": 1735774519,
        "narHash": "sha256-CewEm1o2eVAnoqb6Ml+Qi9Gg/EfNAxbRx1lANGVyoLI=",
        "type": "tarball",
        "url": "https://github.com/NixOS/nixpkgs/archive/e9b51731911566bbf7e4895475a87fe06961de0b.tar.gz"
      },
      "original": {
        "type": "tarball",
        "url": "https://github.com/NixOS/nixpkgs/archive/e9b51731911566bbf7e4895475a87fe06961de0b.tar.gz"
      }
    },
    "nixpkgs-lib_2": {
      "locked": {
        "lastModified": 1753579242,
        "narHash": "sha256-zvaMGVn14/Zz8hnp4VWT9xVnhc8vuL3TStRqwk22biA=",
        "owner": "nix-community",
        "repo": "nixpkgs.lib",
        "rev": "0f36c44e01a6129be94e3ade315a5883f0228a6e",
        "type": "github"
      },
      "original": {
        "owner": "nix-community",
        "repo": "nixpkgs.lib",
        "type": "github"
      }
    },
    "nixpkgs-lib_3": {
      "locked": {
        "lastModified": 1753579242,
        "narHash": "sha256-zvaMGVn14/Zz8hnp4VWT9xVnhc8vuL3TStRqwk22biA=",
        "owner": "nix-community",
        "repo": "nixpkgs.lib",
        "rev": "0f36c44e01a6129be94e3ade315a5883f0228a6e",
        "type": "github"
      },
      "original": {
        "owner": "nix-community",
        "repo": "nixpkgs.lib",
        "type": "github"
      }
    },
    "nixpkgs-lib_4": {
      "locked": {
        "lastModified": 1740877520,
        "narHash": "sha256-oiwv/ZK/2FhGxrCkQkB83i7GnWXPPLzoqFHpDD3uYpk=",
        "owner": "nix-community",
        "repo": "nixpkgs.lib",
        "rev": "147dee35aab2193b174e4c0868bd80ead5ce755c",
        "type": "github"
      },
      "original": {
        "owner": "nix-community",
        "repo": "nixpkgs.lib",
        "type": "github"
      }
    },
    "nixpkgs-lib_5": {
      "locked": {
        "lastModified": 1753579242,
        "narHash": "sha256-zvaMGVn14/Zz8hnp4VWT9xVnhc8vuL3TStRqwk22biA=",
        "owner": "nix-community",
        "repo": "nixpkgs.lib",
        "rev": "0f36c44e01a6129be94e3ade315a5883f0228a6e",
        "type": "github"
      },
      "original": {
        "owner": "nix-community",
        "repo": "nixpkgs.lib",
        "type": "github"
      }
    },
    "nixpkgs-lib_6": {
      "locked": {
        "lastModified": 1753579242,
        "narHash": "sha256-zvaMGVn14/Zz8hnp4VWT9xVnhc8vuL3TStRqwk22biA=",
        "owner": "nix-community",
        "repo": "nixpkgs.lib",
        "rev": "0f36c44e01a6129be94e3ade315a5883f0228a6e",
        "type": "github"
      },
      "original": {
        "owner": "nix-community",
        "repo": "nixpkgs.lib",
        "type": "github"
      }
    },
    "nixpkgs-lib_7": {
      "locked": {
        "lastModified": 1743296961,
        "narHash": "sha256-b1EdN3cULCqtorQ4QeWgLMrd5ZGOjLSLemfa00heasc=",
        "owner": "nix-community",
        "repo": "nixpkgs.lib",
        "rev": "e4822aea2a6d1cdd36653c134cacfd64c97ff4fa",
        "type": "github"
      },
      "original": {
        "owner": "nix-community",
        "repo": "nixpkgs.lib",
        "type": "github"
      }
    },
    "nixpkgs-stable": {
      "locked": {
        "lastModified": 1751274312,
        "narHash": "sha256-/bVBlRpECLVzjV19t5KMdMFWSwKLtb5RyXdjz3LJT+g=",
        "owner": "nixos",
        "repo": "nixpkgs",
        "rev": "50ab793786d9de88ee30ec4e4c24fb4236fc2674",
        "type": "github"
      },
      "original": {
        "owner": "nixos",
        "ref": "nixos-24.11",
        "repo": "nixpkgs",
        "type": "github"
      }
    },
    "nixpkgs-stable_2": {
      "locked": {
        "lastModified": 1754919767,
        "narHash": "sha256-bc9tjR2ymbmbtYlnOcksjI7tQtDDEEJFGm41t0msXsg=",
        "owner": "NixOS",
        "repo": "nixpkgs",
        "rev": "8c0c41355297485b39d6f6a6d722c8cdfe0257df",
        "type": "github"
      },
      "original": {
        "owner": "NixOS",
        "ref": "release-25.05",
        "repo": "nixpkgs",
        "type": "github"
      }
    },
    "nixpkgs-unstable": {
      "locked": {
        "lastModified": 1755027561,
        "narHash": "sha256-IVft239Bc8p8Dtvf7UAACMG5P3ZV+3/aO28gXpGtMXI=",
        "owner": "nixos",
        "repo": "nixpkgs",
        "rev": "005433b926e16227259a1843015b5b2b7f7d1fc3",
        "type": "github"
      },
      "original": {
        "owner": "nixos",
        "ref": "nixos-unstable",
        "repo": "nixpkgs",
        "type": "github"
      }
    },
    "nixpkgs-unstable_2": {
      "locked": {
        "lastModified": 1754919767,
        "narHash": "sha256-bc9tjR2ymbmbtYlnOcksjI7tQtDDEEJFGm41t0msXsg=",
        "owner": "NixOS",
        "repo": "nixpkgs",
        "rev": "8c0c41355297485b39d6f6a6d722c8cdfe0257df",
        "type": "github"
      },
      "original": {
        "owner": "NixOS",
        "ref": "release-25.05",
        "repo": "nixpkgs",
        "type": "github"
      }
    },
    "nixpkgs_10": {
      "locked": {
        "lastModified": 1744536153,
        "narHash": "sha256-awS2zRgF4uTwrOKwwiJcByDzDOdo3Q1rPZbiHQg/N38=",
        "owner": "NixOS",
        "repo": "nixpkgs",
        "rev": "18dd725c29603f582cf1900e0d25f9f1063dbf11",
        "type": "github"
      },
      "original": {
        "owner": "NixOS",
        "ref": "nixpkgs-unstable",
        "repo": "nixpkgs",
        "type": "github"
      }
    },
    "nixpkgs_11": {
      "locked": {
        "lastModified": 1744868846,
        "narHash": "sha256-5RJTdUHDmj12Qsv7XOhuospjAjATNiTMElplWnJE9Hs=",
        "owner": "NixOS",
        "repo": "nixpkgs",
        "rev": "ebe4301cbd8f81c4f8d3244b3632338bbeb6d49c",
        "type": "github"
      },
      "original": {
        "owner": "NixOS",
        "ref": "nixpkgs-unstable",
        "repo": "nixpkgs",
        "type": "github"
      }
    },
    "nixpkgs_12": {
      "locked": {
        "lastModified": 1755027561,
        "narHash": "sha256-IVft239Bc8p8Dtvf7UAACMG5P3ZV+3/aO28gXpGtMXI=",
        "owner": "NixOS",
        "repo": "nixpkgs",
        "rev": "005433b926e16227259a1843015b5b2b7f7d1fc3",
        "type": "github"
      },
      "original": {
        "owner": "NixOS",
        "ref": "nixos-unstable",
        "repo": "nixpkgs",
        "type": "github"
      }
    },
    "nixpkgs_13": {
      "locked": {
        "lastModified": 1748460289,
        "narHash": "sha256-7doLyJBzCllvqX4gszYtmZUToxKvMUrg45EUWaUYmBg=",
        "owner": "NixOS",
        "repo": "nixpkgs",
        "rev": "96ec055edbe5ee227f28cdbc3f1ddf1df5965102",
        "type": "github"
      },
      "original": {
        "owner": "NixOS",
        "ref": "nixos-unstable",
        "repo": "nixpkgs",
        "type": "github"
      }
    },
    "nixpkgs_14": {
      "locked": {
        "lastModified": 1744536153,
        "narHash": "sha256-awS2zRgF4uTwrOKwwiJcByDzDOdo3Q1rPZbiHQg/N38=",
        "owner": "NixOS",
        "repo": "nixpkgs",
        "rev": "18dd725c29603f582cf1900e0d25f9f1063dbf11",
        "type": "github"
      },
      "original": {
        "owner": "NixOS",
        "ref": "nixpkgs-unstable",
        "repo": "nixpkgs",
        "type": "github"
      }
    },
    "nixpkgs_15": {
      "locked": {
        "lastModified": 1744536153,
        "narHash": "sha256-awS2zRgF4uTwrOKwwiJcByDzDOdo3Q1rPZbiHQg/N38=",
        "owner": "NixOS",
        "repo": "nixpkgs",
        "rev": "18dd725c29603f582cf1900e0d25f9f1063dbf11",
        "type": "github"
      },
      "original": {
        "owner": "NixOS",
        "ref": "nixpkgs-unstable",
        "repo": "nixpkgs",
        "type": "github"
      }
    },
    "nixpkgs_2": {
      "locked": {
        "lastModified": 1730768919,
        "narHash": "sha256-8AKquNnnSaJRXZxc5YmF/WfmxiHX6MMZZasRP6RRQkE=",
        "owner": "NixOS",
        "repo": "nixpkgs",
        "rev": "a04d33c0c3f1a59a2c1cb0c6e34cd24500e5a1dc",
        "type": "github"
      },
      "original": {
        "owner": "NixOS",
        "ref": "nixpkgs-unstable",
        "repo": "nixpkgs",
        "type": "github"
      }
    },
    "nixpkgs_3": {
      "locked": {
        "lastModified": 1728538411,
        "narHash": "sha256-f0SBJz1eZ2yOuKUr5CA9BHULGXVSn6miBuUWdTyhUhU=",
        "owner": "NixOS",
        "repo": "nixpkgs",
        "rev": "b69de56fac8c2b6f8fd27f2eca01dcda8e0a4221",
        "type": "github"
      },
      "original": {
        "owner": "NixOS",
        "ref": "nixpkgs-unstable",
        "repo": "nixpkgs",
        "type": "github"
      }
    },
    "nixpkgs_4": {
      "locked": {
        "lastModified": 1755027561,
        "narHash": "sha256-IVft239Bc8p8Dtvf7UAACMG5P3ZV+3/aO28gXpGtMXI=",
        "owner": "NixOS",
        "repo": "nixpkgs",
        "rev": "005433b926e16227259a1843015b5b2b7f7d1fc3",
        "type": "github"
      },
      "original": {
        "owner": "NixOS",
        "ref": "nixos-unstable",
        "repo": "nixpkgs",
        "type": "github"
      }
    },
    "nixpkgs_5": {
      "locked": {
        "lastModified": 1744536153,
        "narHash": "sha256-awS2zRgF4uTwrOKwwiJcByDzDOdo3Q1rPZbiHQg/N38=",
        "owner": "NixOS",
        "repo": "nixpkgs",
        "rev": "18dd725c29603f582cf1900e0d25f9f1063dbf11",
        "type": "github"
      },
      "original": {
        "owner": "NixOS",
        "ref": "nixpkgs-unstable",
        "repo": "nixpkgs",
        "type": "github"
      }
    },
    "nixpkgs_6": {
      "locked": {
        "lastModified": 1740695751,
        "narHash": "sha256-D+R+kFxy1KsheiIzkkx/6L63wEHBYX21OIwlFV8JvDs=",
        "owner": "nixos",
        "repo": "nixpkgs",
        "rev": "6313551cd05425cd5b3e63fe47dbc324eabb15e4",
        "type": "github"
      },
      "original": {
        "owner": "nixos",
        "ref": "nixos-unstable",
        "repo": "nixpkgs",
        "type": "github"
      }
    },
    "nixpkgs_7": {
      "locked": {
        "lastModified": 1753934836,
        "narHash": "sha256-G06FmIBj0I5bMW1Q8hAEIl5N7IHMK7+Ta4KA+BmneDA=",
        "owner": "NixOS",
        "repo": "nixpkgs",
        "rev": "8679b16e11becd487b45d568358ddf9d5640d860",
        "type": "github"
      },
      "original": {
        "owner": "NixOS",
        "ref": "nixpkgs-unstable",
        "repo": "nixpkgs",
        "type": "github"
      }
    },
    "nixpkgs_8": {
      "locked": {
        "lastModified": 1751274312,
        "narHash": "sha256-/bVBlRpECLVzjV19t5KMdMFWSwKLtb5RyXdjz3LJT+g=",
        "owner": "nixos",
        "repo": "nixpkgs",
        "rev": "50ab793786d9de88ee30ec4e4c24fb4236fc2674",
        "type": "github"
      },
      "original": {
        "owner": "nixos",
        "ref": "nixos-24.11",
        "repo": "nixpkgs",
        "type": "github"
      }
    },
    "nixpkgs_9": {
      "locked": {
        "lastModified": 1755027561,
        "narHash": "sha256-IVft239Bc8p8Dtvf7UAACMG5P3ZV+3/aO28gXpGtMXI=",
        "owner": "nixos",
        "repo": "nixpkgs",
        "rev": "005433b926e16227259a1843015b5b2b7f7d1fc3",
        "type": "github"
      },
      "original": {
        "owner": "nixos",
        "ref": "nixos-unstable",
        "repo": "nixpkgs",
        "type": "github"
      }
    },
    "nur": {
      "inputs": {
        "flake-parts": "flake-parts_5",
        "nixpkgs": "nixpkgs_9"
      },
      "locked": {
        "lastModified": 1755102471,
        "narHash": "sha256-ecWsZvrU/v7phSRIulxUYoCZ+i8s+mQ0ecmxxcgHUko=",
        "owner": "nix-community",
        "repo": "NUR",
        "rev": "94c6c5b9798480dc220ee2cc8b1ce93a472a8d8f",
        "type": "github"
      },
      "original": {
        "owner": "nix-community",
        "repo": "NUR",
        "type": "github"
      }
    },
    "pipelight": {
      "inputs": {
        "flake-parts": "flake-parts_6",
        "flake-utils": "flake-utils_6",
        "nixpkgs": [
          "nixpkgs"
        ],
        "rust-overlay": "rust-overlay_4"
      },
      "locked": {
        "lastModified": 1755108924,
        "narHash": "sha256-s6164Zgk9EI2HcVVRB/FpB1QoxJKX6xY4Nfq/1NHxyc=",
        "owner": "pipelight",
        "repo": "pipelight",
        "rev": "cb576270636b4af1c589db644359afa2cfec1f1c",
        "type": "github"
      },
      "original": {
        "owner": "pipelight",
        "ref": "dev",
        "repo": "pipelight",
        "type": "github"
      }
    },
    "pipelight_2": {
      "inputs": {
        "flake-parts": "flake-parts_8",
        "flake-utils": "flake-utils_10",
        "nixpkgs": "nixpkgs_13",
        "rust-overlay": "rust-overlay_7"
      },
      "locked": {
        "lastModified": 1754028829,
        "narHash": "sha256-VZAnerroUQzKL6KgX7h6ojyCWT+FlPoK/iy7VzHNr5Q=",
        "owner": "pipelight",
        "repo": "pipelight",
        "rev": "a57b1bbd07c4d63a663d1e41d75c3ed0a451023d",
        "type": "github"
      },
      "original": {
        "owner": "pipelight",
        "repo": "pipelight",
        "type": "github"
      }
    },
    "pre-commit": {
      "inputs": {
        "flake-compat": "flake-compat_2",
        "gitignore": "gitignore",
        "nixpkgs": "nixpkgs_2"
      },
      "locked": {
        "lastModified": 1750779888,
        "narHash": "sha256-wibppH3g/E2lxU43ZQHC5yA/7kIKLGxVEnsnVK1BtRg=",
        "owner": "cachix",
        "repo": "pre-commit-hooks.nix",
        "rev": "16ec914f6fb6f599ce988427d9d94efddf25fe6d",
        "type": "github"
      },
      "original": {
        "owner": "cachix",
        "repo": "pre-commit-hooks.nix",
        "type": "github"
      }
    },
    "radicle": {
      "inputs": {
        "advisory-db": "advisory-db",
        "crane": "crane",
        "flake-utils": "flake-utils_7",
        "git-hooks": "git-hooks",
        "nixpkgs": [
          "nixpkgs"
        ],
        "nixpkgs-stable": "nixpkgs-stable_2",
        "nixpkgs-unstable": "nixpkgs-unstable_2",
        "rust-overlay": "rust-overlay_5"
      },
      "locked": {
        "lastModified": 1755089122,
        "narHash": "sha256-GxLiF1VkBuJHomHmuNuRfx27mpc3wK61GvGfSWnjh6c=",
        "ref": "refs/heads/master",
        "rev": "c8b6a13d6475086826ad357a0644f5326a8abaa5",
        "revCount": 2375,
        "type": "git",
        "url": "https://seed.radicle.garden/z3gqcJUoA1n9HaHKufZs5FCSGazv5"
      },
      "original": {
        "type": "git",
        "url": "https://seed.radicle.garden/z3gqcJUoA1n9HaHKufZs5FCSGazv5"
      }
    },
    "root": {
      "inputs": {
        "arkenfox": "arkenfox",
        "boulette": "boulette",
        "dns": "dns",
        "dora": "dora",
        "flake-parts": "flake-parts_3",
        "flake-utils": "flake-utils_4",
        "home-manager": "home-manager",
        "impermanence": "impermanence",
        "nix-std": "nix-std",
        "nixos-cli": "nixos-cli",
        "nixos-tidy": "nixos-tidy",
        "nixpkgs": "nixpkgs_8",
        "nixpkgs-deprecated": "nixpkgs-deprecated",
        "nixpkgs-stable": "nixpkgs-stable",
        "nixpkgs-unstable": "nixpkgs-unstable",
        "nur": "nur",
        "pipelight": "pipelight",
        "radicle": "radicle",
        "rustmission": "rustmission",
        "sops-nix": "sops-nix",
        "virshle": "virshle",
        "yofi": "yofi"
      }
    },
    "rust-overlay": {
      "inputs": {
        "nixpkgs": "nixpkgs_3"
      },
      "locked": {
        "lastModified": 1736216977,
        "narHash": "sha256-EMueGrzBpryM8mgOyoyJ7DdNRRk09ug1ggcLLp0WrCQ=",
        "owner": "oxalica",
        "repo": "rust-overlay",
        "rev": "bbe7e4e7a70d235db4bbdcabbf8a2f6671881dd7",
        "type": "github"
      },
      "original": {
        "owner": "oxalica",
        "repo": "rust-overlay",
        "type": "github"
      }
    },
    "rust-overlay_2": {
      "inputs": {
        "nixpkgs": "nixpkgs_5"
      },
      "locked": {
        "lastModified": 1755139244,
        "narHash": "sha256-SN1BFA00m+siVAQiGLtTwjv9LV9TH5n8tQcSziV6Nv4=",
        "owner": "oxalica",
        "repo": "rust-overlay",
        "rev": "aeae248beb2a419e39d483dd9b7fec924aba8d4d",
        "type": "github"
      },
      "original": {
        "owner": "oxalica",
        "repo": "rust-overlay",
        "type": "github"
      }
    },
    "rust-overlay_3": {
      "inputs": {
        "nixpkgs": [
          "nixos-cli",
          "nix-options-doc",
          "nixpkgs"
        ]
      },
      "locked": {
        "lastModified": 1740796337,
        "narHash": "sha256-FuoXrXZPoJEZQ3PF7t85tEpfBVID9JQIOnVKMNfTAb0=",
        "owner": "oxalica",
        "repo": "rust-overlay",
        "rev": "bbac9527bc6b28b6330b13043d0e76eac11720dc",
        "type": "github"
      },
      "original": {
        "owner": "oxalica",
        "repo": "rust-overlay",
        "type": "github"
      }
    },
    "rust-overlay_4": {
      "inputs": {
        "nixpkgs": "nixpkgs_10"
      },
      "locked": {
        "lastModified": 1755052812,
        "narHash": "sha256-Tjw2YP7Hz8+ibE8wJ+Ps65vh1lzAe5ozmoo9sdQ7rGg=",
        "owner": "oxalica",
        "repo": "rust-overlay",
        "rev": "433023cba5f4fa66b8b0fdbb8f91d420c9cc2527",
        "type": "github"
      },
      "original": {
        "owner": "oxalica",
        "repo": "rust-overlay",
        "type": "github"
      }
    },
    "rust-overlay_5": {
      "inputs": {
        "nixpkgs": [
          "radicle",
          "nixpkgs"
        ]
      },
      "locked": {
        "lastModified": 1753325142,
        "narHash": "sha256-7A8epLZ/LW9tek4OJY4IHesH7BgfBKr3aEm9JjUwqQo=",
        "owner": "oxalica",
        "repo": "rust-overlay",
        "rev": "cf608fb54d8854f31d7f7c499e2d2c928af48036",
        "type": "github"
      },
      "original": {
        "owner": "oxalica",
        "repo": "rust-overlay",
        "type": "github"
      }
    },
    "rust-overlay_6": {
      "inputs": {
        "nixpkgs": [
          "rustmission",
          "nixpkgs"
        ]
      },
      "locked": {
        "lastModified": 1735698720,
        "narHash": "sha256-+skLL6mq/T7s6J5YmSp89ivQOHBPQ40GEU2n8yqp6bs=",
        "owner": "oxalica",
        "repo": "rust-overlay",
        "rev": "a00807363a8a6cae6c3fa84ff494bf9d96333674",
        "type": "github"
      },
      "original": {
        "owner": "oxalica",
        "repo": "rust-overlay",
        "type": "github"
      }
    },
    "rust-overlay_7": {
      "inputs": {
        "nixpkgs": "nixpkgs_14"
      },
      "locked": {
        "lastModified": 1748658947,
        "narHash": "sha256-F+nGITu6D7RswJlm8qCuU1PCuOSgDeAqaDKWW1n1jmQ=",
        "owner": "oxalica",
        "repo": "rust-overlay",
        "rev": "fc82ce758cc5df6a6d5d24e75710321cdbdc787a",
        "type": "github"
      },
      "original": {
        "owner": "oxalica",
        "repo": "rust-overlay",
        "type": "github"
      }
    },
    "rust-overlay_8": {
      "inputs": {
        "nixpkgs": "nixpkgs_15"
      },
      "locked": {
        "lastModified": 1755052812,
        "narHash": "sha256-Tjw2YP7Hz8+ibE8wJ+Ps65vh1lzAe5ozmoo9sdQ7rGg=",
        "owner": "oxalica",
        "repo": "rust-overlay",
        "rev": "433023cba5f4fa66b8b0fdbb8f91d420c9cc2527",
        "type": "github"
      },
      "original": {
        "owner": "oxalica",
        "repo": "rust-overlay",
        "type": "github"
      }
    },
    "rustmission": {
      "inputs": {
        "flake-utils": "flake-utils_8",
        "nixpkgs": [
          "nixpkgs"
        ],
        "rust-overlay": "rust-overlay_6"
      },
      "locked": {
        "lastModified": 1746346612,
        "narHash": "sha256-YF/4OxZuD15iXFu5vZ5KFSQ2+Fe+3Mqu1LG6ghYnW/c=",
        "owner": "intuis",
        "repo": "rustmission",
        "rev": "3c06d0d38fd826f2d256c7d98b1cf7f147fe7f68",
        "type": "github"
      },
      "original": {
        "owner": "intuis",
        "repo": "rustmission",
        "type": "github"
      }
    },
    "sops-nix": {
      "inputs": {
        "nixpkgs": "nixpkgs_11"
      },
      "locked": {
        "lastModified": 1754988908,
        "narHash": "sha256-t+voe2961vCgrzPFtZxha0/kmFSHFobzF00sT8p9h0U=",
        "owner": "Mic92",
        "repo": "sops-nix",
        "rev": "3223c7a92724b5d804e9988c6b447a0d09017d48",
        "type": "github"
      },
      "original": {
        "owner": "Mic92",
        "repo": "sops-nix",
        "type": "github"
      }
    },
    "systems": {
      "locked": {
        "lastModified": 1681028828,
        "narHash": "sha256-Vy1rq5AaRuLzOxct8nz4T6wlgyUR7zLU309k9mBC768=",
        "owner": "nix-systems",
        "repo": "default",
        "rev": "da67096a3b9bf56a91d16901293e51ba5b49a27e",
        "type": "github"
      },
      "original": {
        "owner": "nix-systems",
        "repo": "default",
        "type": "github"
      }
    },
    "systems_10": {
      "locked": {
        "lastModified": 1681028828,
        "narHash": "sha256-Vy1rq5AaRuLzOxct8nz4T6wlgyUR7zLU309k9mBC768=",
        "owner": "nix-systems",
        "repo": "default",
        "rev": "da67096a3b9bf56a91d16901293e51ba5b49a27e",
        "type": "github"
      },
      "original": {
        "owner": "nix-systems",
        "repo": "default",
        "type": "github"
      }
    },
    "systems_2": {
      "locked": {
        "lastModified": 1681028828,
        "narHash": "sha256-Vy1rq5AaRuLzOxct8nz4T6wlgyUR7zLU309k9mBC768=",
        "owner": "nix-systems",
        "repo": "default",
        "rev": "da67096a3b9bf56a91d16901293e51ba5b49a27e",
        "type": "github"
      },
      "original": {
        "owner": "nix-systems",
        "repo": "default",
        "type": "github"
      }
    },
    "systems_3": {
      "locked": {
        "lastModified": 1681028828,
        "narHash": "sha256-Vy1rq5AaRuLzOxct8nz4T6wlgyUR7zLU309k9mBC768=",
        "owner": "nix-systems",
        "repo": "default",
        "rev": "da67096a3b9bf56a91d16901293e51ba5b49a27e",
        "type": "github"
      },
      "original": {
        "owner": "nix-systems",
        "repo": "default",
        "type": "github"
      }
    },
    "systems_4": {
      "locked": {
        "lastModified": 1681028828,
        "narHash": "sha256-Vy1rq5AaRuLzOxct8nz4T6wlgyUR7zLU309k9mBC768=",
        "owner": "nix-systems",
        "repo": "default",
        "rev": "da67096a3b9bf56a91d16901293e51ba5b49a27e",
        "type": "github"
      },
      "original": {
        "owner": "nix-systems",
        "repo": "default",
        "type": "github"
      }
    },
    "systems_5": {
      "locked": {
        "lastModified": 1681028828,
        "narHash": "sha256-Vy1rq5AaRuLzOxct8nz4T6wlgyUR7zLU309k9mBC768=",
        "owner": "nix-systems",
        "repo": "default",
        "rev": "da67096a3b9bf56a91d16901293e51ba5b49a27e",
        "type": "github"
      },
      "original": {
        "owner": "nix-systems",
        "repo": "default",
        "type": "github"
      }
    },
    "systems_6": {
      "locked": {
        "lastModified": 1681028828,
        "narHash": "sha256-Vy1rq5AaRuLzOxct8nz4T6wlgyUR7zLU309k9mBC768=",
        "owner": "nix-systems",
        "repo": "default",
        "rev": "da67096a3b9bf56a91d16901293e51ba5b49a27e",
        "type": "github"
      },
      "original": {
        "owner": "nix-systems",
        "repo": "default",
        "type": "github"
      }
    },
    "systems_7": {
      "locked": {
        "lastModified": 1681028828,
        "narHash": "sha256-Vy1rq5AaRuLzOxct8nz4T6wlgyUR7zLU309k9mBC768=",
        "owner": "nix-systems",
        "repo": "default",
        "rev": "da67096a3b9bf56a91d16901293e51ba5b49a27e",
        "type": "github"
      },
      "original": {
        "owner": "nix-systems",
        "repo": "default",
        "type": "github"
      }
    },
    "systems_8": {
      "locked": {
        "lastModified": 1681028828,
        "narHash": "sha256-Vy1rq5AaRuLzOxct8nz4T6wlgyUR7zLU309k9mBC768=",
        "owner": "nix-systems",
        "repo": "default",
        "rev": "da67096a3b9bf56a91d16901293e51ba5b49a27e",
        "type": "github"
      },
      "original": {
        "owner": "nix-systems",
        "repo": "default",
        "type": "github"
      }
    },
    "systems_9": {
      "locked": {
        "lastModified": 1681028828,
        "narHash": "sha256-Vy1rq5AaRuLzOxct8nz4T6wlgyUR7zLU309k9mBC768=",
        "owner": "nix-systems",
        "repo": "default",
        "rev": "da67096a3b9bf56a91d16901293e51ba5b49a27e",
        "type": "github"
      },
      "original": {
        "owner": "nix-systems",
        "repo": "default",
        "type": "github"
      }
    },
    "virshle": {
      "inputs": {
        "flake-parts": "flake-parts_7",
        "flake-utils": "flake-utils_9",
        "nixpkgs": "nixpkgs_12",
        "pipelight": "pipelight_2",
        "rust-overlay": "rust-overlay_8"
      },
      "locked": {
        "lastModified": 1755164247,
        "narHash": "sha256-qavLVidbbyZC/5S0IHKpCzq0vN0l+7WS2sFgEuIPPBs=",
        "owner": "pipelight",
        "repo": "virshle",
        "rev": "5da462d964286ad03e080a6b4395fdd353e04423",
        "type": "github"
      },
      "original": {
        "owner": "pipelight",
        "ref": "dev",
        "repo": "virshle",
        "type": "github"
      }
    },
    "yofi": {
      "inputs": {
        "flake-utils": "flake-utils_11",
        "nixpkgs": [
          "nixpkgs"
        ]
      },
      "locked": {
        "lastModified": 1725018627,
        "narHash": "sha256-uBEU/aKl9jlJ8vIK556TaqSBEHx6/t6AE4fbt/AoRfA=",
        "owner": "l4l",
        "repo": "yofi",
        "rev": "09901e75cbdf2147553ab888adde480e57baa0d1",
        "type": "github"
      },
      "original": {
        "owner": "l4l",
        "repo": "yofi",
        "type": "github"
      }
    }
  },
  "root": "root",
  "version": 7
}
