{
  "nodes": {
    "brew-src": {
      "flake": false,
      "locked": {
        "lastModified": 1705326576,
        "narHash": "sha256-9PvMgHgdbpb5vBO8fHCRufodR731ynzGMF9+68vKWck=",
        "owner": "Homebrew",
        "repo": "brew",
        "rev": "1c612baa096c69f2fcb221c74e6f5b9979efdcee",
        "type": "github"
      },
      "original": {
        "owner": "Homebrew",
        "ref": "4.2.4",
        "repo": "brew",
        "type": "github"
      }
    },
    "flake-utils": {
      "inputs": {
        "systems": "systems"
      },
      "locked": {
        "lastModified": 1710146030,
        "narHash": "sha256-SZ5L6eA7HJ/nmkzGG7/ISclqe6oZdOZTNoesiInkXPQ=",
        "owner": "numtide",
        "repo": "flake-utils",
        "rev": "b1d9ab70662946ef0850d488da1c9019f3a9752a",
        "type": "github"
      },
      "original": {
        "owner": "numtide",
        "repo": "flake-utils",
        "type": "github"
      }
    },
    "flake-utils_2": {
      "inputs": {
        "systems": "systems_2"
      },
      "locked": {
        "lastModified": 1687709756,
        "narHash": "sha256-Y5wKlQSkgEK2weWdOu4J3riRd+kV/VCgHsqLNTTWQ/0=",
        "owner": "numtide",
        "repo": "flake-utils",
        "rev": "dbabf0ca0c0c4bce6ea5eaf65af5cb694d2082c7",
        "type": "github"
      },
      "original": {
        "owner": "numtide",
        "repo": "flake-utils",
        "type": "github"
      }
    },
    "flake-utils_3": {
      "inputs": {
        "systems": "systems_3"
      },
      "locked": {
        "lastModified": 1694529238,
        "narHash": "sha256-zsNZZGTGnMOf9YpHKJqMSsa0dXbfmxeoJ7xHlrt+xmY=",
        "owner": "numtide",
        "repo": "flake-utils",
        "rev": "ff7b65b44d01cf9ba6a71320833626af21126384",
        "type": "github"
      },
      "original": {
        "owner": "numtide",
        "repo": "flake-utils",
        "type": "github"
      }
    },
    "flake-utils_4": {
      "inputs": {
        "systems": "systems_4"
      },
      "locked": {
        "lastModified": 1681202837,
        "narHash": "sha256-H+Rh19JDwRtpVPAWp64F+rlEtxUWBAQW28eAi3SRSzg=",
        "owner": "numtide",
        "repo": "flake-utils",
        "rev": "cfacdce06f30d2b68473a46042957675eebb3401",
        "type": "github"
      },
      "original": {
        "owner": "numtide",
        "repo": "flake-utils",
        "type": "github"
      }
    },
    "flake-utils_5": {
      "inputs": {
        "systems": "systems_5"
      },
      "locked": {
        "lastModified": 1701680307,
        "narHash": "sha256-kAuep2h5ajznlPMD9rnQyffWG8EM/C73lejGofXvdM8=",
        "owner": "numtide",
        "repo": "flake-utils",
        "rev": "4022d587cbbfd70fe950c1e2083a02621806a725",
        "type": "github"
      },
      "original": {
        "owner": "numtide",
        "repo": "flake-utils",
        "type": "github"
      }
    },
    "home-manager": {
      "inputs": {
        "nixpkgs": [
          "nixpkgs"
        ]
      },
      "locked": {
        "lastModified": 1710401383,
        "narHash": "sha256-jskq7uDpKXrRoY4hDpNqykmSSKHUXYlo7ZFc/se7fus=",
        "owner": "nix-community",
        "repo": "home-manager",
        "rev": "1ab3cec3a1bbb065b2d52b913d1431366028d5b5",
        "type": "github"
      },
      "original": {
        "owner": "nix-community",
        "repo": "home-manager",
        "type": "github"
      }
    },
    "home-manager_2": {
      "inputs": {
        "nixpkgs": "nixpkgs"
      },
      "locked": {
        "lastModified": 1705708511,
        "narHash": "sha256-3f4BkRY70Fj7yvuo87c4QQPAjnt571g2wJ50jY7hnYc=",
        "owner": "nix-community",
        "repo": "home-manager",
        "rev": "ce4b88c465d928f4f8b75d0920f1788d5b65ca94",
        "type": "github"
      },
      "original": {
        "owner": "nix-community",
        "repo": "home-manager",
        "type": "github"
      }
    },
    "home-merger": {
      "inputs": {
        "home-manager": "home-manager_2",
        "nixpkgs": [
          "nixpkgs"
        ]
      },
      "locked": {
        "lastModified": 1708376860,
        "narHash": "sha256-78q5JFEEgSxpbQiBt7lkumFluaS4hoGJl96alix4k7U=",
        "owner": "pipelight",
        "repo": "home-merger",
        "rev": "60f6d80c8a46e4ee60d22d1de8d5147feefec8c5",
        "type": "github"
      },
      "original": {
        "owner": "pipelight",
        "repo": "home-merger",
        "type": "github"
      }
    },
    "homebrew-cask": {
      "flake": false,
      "locked": {
        "lastModified": 1710421063,
        "narHash": "sha256-NVOD3Cynm6bEjoUya7b4m4Jvydex8XCfgHxjChUqQ9I=",
        "owner": "homebrew",
        "repo": "homebrew-cask",
        "rev": "54f662aab118de4eb67f7b90b8fa8aa6e26cf168",
        "type": "github"
      },
      "original": {
        "owner": "homebrew",
        "repo": "homebrew-cask",
        "type": "github"
      }
    },
    "homebrew-core": {
      "flake": false,
      "locked": {
        "lastModified": 1710419295,
        "narHash": "sha256-YlMDco3xuFtx3o71+HZVO2NFteIB5KGWtoyGXrOVPUU=",
        "owner": "homebrew",
        "repo": "homebrew-core",
        "rev": "784b63b193e2fc6c4d254ca949389fb66d0c1649",
        "type": "github"
      },
      "original": {
        "owner": "homebrew",
        "repo": "homebrew-core",
        "type": "github"
      }
    },
    "impermanence": {
      "locked": {
        "lastModified": 1708968331,
        "narHash": "sha256-VUXLaPusCBvwM3zhGbRIJVeYluh2uWuqtj4WirQ1L9Y=",
        "owner": "nix-community",
        "repo": "impermanence",
        "rev": "a33ef102a02ce77d3e39c25197664b7a636f9c30",
        "type": "github"
      },
      "original": {
        "owner": "nix-community",
        "repo": "impermanence",
        "type": "github"
      }
    },
    "nix-darwin": {
      "inputs": {
        "nixpkgs": "nixpkgs_2"
      },
      "locked": {
        "lastModified": 1688307440,
        "narHash": "sha256-7PTjbN+/+b799YN7Tk2SS5Vh8A0L3gBo8hmB7Y0VXug=",
        "owner": "LnL7",
        "repo": "nix-darwin",
        "rev": "b06bab83bdf285ea0ae3c8e145a081eb95959047",
        "type": "github"
      },
      "original": {
        "owner": "LnL7",
        "repo": "nix-darwin",
        "type": "github"
      }
    },
    "nix-homebrew": {
      "inputs": {
        "brew-src": "brew-src",
        "flake-utils": "flake-utils_2",
        "nix-darwin": "nix-darwin",
        "nixpkgs": "nixpkgs_3"
      },
      "locked": {
        "lastModified": 1705952034,
        "narHash": "sha256-H0nk8Gk8kPw4yi2WwOTsSHgPrzSwyNgWEYHk10IJwfc=",
        "owner": "zhaofengli-wip",
        "repo": "nix-homebrew",
        "rev": "40f5ee46b58e7c5f1927e2c5a583dc3d7e571ed9",
        "type": "github"
      },
      "original": {
        "owner": "zhaofengli-wip",
        "repo": "nix-homebrew",
        "type": "github"
      }
    },
    "nixpkgs": {
      "locked": {
        "lastModified": 1710272261,
        "narHash": "sha256-g0bDwXFmTE7uGDOs9HcJsfLFhH7fOsASbAuOzDC+fhQ=",
        "owner": "NixOS",
        "repo": "nixpkgs",
        "rev": "0ad13a6833440b8e238947e47bea7f11071dc2b2",
        "type": "github"
      },
      "original": {
        "owner": "NixOS",
        "ref": "nixos-unstable",
        "repo": "nixpkgs",
        "type": "github"
      }
    },
    "nixpkgs_2": {
      "locked": {
        "lastModified": 1687274257,
        "narHash": "sha256-TutzPriQcZ8FghDhEolnHcYU2oHIG5XWF+/SUBNnAOE=",
        "path": "/nix/store/22qgs3skscd9bmrxv9xv4q5d4wwm5ppx-source",
        "rev": "2c9ecd1f0400076a4d6b2193ad468ff0a7e7fdc5",
        "type": "path"
      },
      "original": {
        "id": "nixpkgs",
        "type": "indirect"
      }
    },
    "nixpkgs_3": {
      "locked": {
        "lastModified": 1688049487,
        "narHash": "sha256-100g4iaKC9MalDjUW9iN6Jl/OocTDtXdeAj7pEGIRh4=",
        "owner": "NixOS",
        "repo": "nixpkgs",
        "rev": "4bc72cae107788bf3f24f30db2e2f685c9298dc9",
        "type": "github"
      },
      "original": {
        "owner": "NixOS",
        "ref": "nixos-unstable",
        "repo": "nixpkgs",
        "type": "github"
      }
    },
    "nixpkgs_4": {
      "locked": {
        "lastModified": 1710272261,
        "narHash": "sha256-g0bDwXFmTE7uGDOs9HcJsfLFhH7fOsASbAuOzDC+fhQ=",
        "owner": "nixos",
        "repo": "nixpkgs",
        "rev": "0ad13a6833440b8e238947e47bea7f11071dc2b2",
        "type": "github"
      },
      "original": {
        "owner": "nixos",
        "ref": "nixos-unstable",
        "repo": "nixpkgs",
        "type": "github"
      }
    },
    "nixpkgs_5": {
      "locked": {
        "lastModified": 1703255338,
        "narHash": "sha256-Z6wfYJQKmDN9xciTwU3cOiOk+NElxdZwy/FiHctCzjU=",
        "owner": "NixOS",
        "repo": "nixpkgs",
        "rev": "6df37dc6a77654682fe9f071c62b4242b5342e04",
        "type": "github"
      },
      "original": {
        "owner": "NixOS",
        "ref": "nixos-unstable",
        "repo": "nixpkgs",
        "type": "github"
      }
    },
    "nixpkgs_6": {
      "locked": {
        "lastModified": 1701253981,
        "narHash": "sha256-ztaDIyZ7HrTAfEEUt9AtTDNoCYxUdSd6NrRHaYOIxtk=",
        "owner": "NixOS",
        "repo": "nixpkgs",
        "rev": "e92039b55bcd58469325ded85d4f58dd5a4eaf58",
        "type": "github"
      },
      "original": {
        "owner": "NixOS",
        "ref": "nixos-unstable",
        "repo": "nixpkgs",
        "type": "github"
      }
    },
    "nixpkgs_7": {
      "locked": {
        "lastModified": 1681358109,
        "narHash": "sha256-eKyxW4OohHQx9Urxi7TQlFBTDWII+F+x2hklDOQPB50=",
        "owner": "NixOS",
        "repo": "nixpkgs",
        "rev": "96ba1c52e54e74c3197f4d43026b3f3d92e83ff9",
        "type": "github"
      },
      "original": {
        "owner": "NixOS",
        "ref": "nixpkgs-unstable",
        "repo": "nixpkgs",
        "type": "github"
      }
    },
    "nixpkgs_8": {
      "locked": {
        "lastModified": 1702312524,
        "narHash": "sha256-gkZJRDBUCpTPBvQk25G0B7vfbpEYM5s5OZqghkjZsnE=",
        "owner": "NixOS",
        "repo": "nixpkgs",
        "rev": "a9bf124c46ef298113270b1f84a164865987a91c",
        "type": "github"
      },
      "original": {
        "owner": "NixOS",
        "ref": "nixos-unstable",
        "repo": "nixpkgs",
        "type": "github"
      }
    },
    "nur": {
      "locked": {
        "lastModified": 1710420799,
        "narHash": "sha256-P/wnPkUy37kpu4IWLDEGPqhEan+ye863RjT//jM+IC8=",
        "owner": "nix-community",
        "repo": "NUR",
        "rev": "46ad8f604d6a7ae9b8ca70ab2a94584e25848b9d",
        "type": "github"
      },
      "original": {
        "owner": "nix-community",
        "repo": "NUR",
        "type": "github"
      }
    },
    "ollama": {
      "inputs": {
        "nixpkgs": "nixpkgs_5"
      },
      "locked": {
        "lastModified": 1710187372,
        "narHash": "sha256-UyQPHSILEm5nvxjEGne9WHe2XQV++ZvL6uT5yVl4G0k=",
        "owner": "havaker",
        "repo": "ollama-nix",
        "rev": "c6ef23515145ff3a7fe693ce31aa990b736eedfd",
        "type": "github"
      },
      "original": {
        "owner": "havaker",
        "repo": "ollama-nix",
        "type": "github"
      }
    },
    "pipelight": {
      "inputs": {
        "flake-utils": "flake-utils_3",
        "nixpkgs": "nixpkgs_6",
        "rust-overlay": "rust-overlay"
      },
      "locked": {
        "lastModified": 1705695867,
        "narHash": "sha256-RPj8Dg0otXY5r0sAFENwVzE8j5e3UlG54SuUFgoxp/Q=",
        "owner": "pipelight",
        "repo": "pipelight",
        "rev": "59f17109ee0289258aa2ee5386c5e1e96c277f63",
        "type": "github"
      },
      "original": {
        "owner": "pipelight",
        "repo": "pipelight",
        "type": "github"
      }
    },
    "root": {
      "inputs": {
        "flake-utils": "flake-utils",
        "home-manager": "home-manager",
        "home-merger": "home-merger",
        "homebrew-cask": "homebrew-cask",
        "homebrew-core": "homebrew-core",
        "impermanence": "impermanence",
        "nix-homebrew": "nix-homebrew",
        "nixpkgs": "nixpkgs_4",
        "nur": "nur",
        "ollama": "ollama",
        "pipelight": "pipelight",
        "virshle": "virshle"
      }
    },
    "rust-overlay": {
      "inputs": {
        "flake-utils": "flake-utils_4",
        "nixpkgs": "nixpkgs_7"
      },
      "locked": {
        "lastModified": 1701397143,
        "narHash": "sha256-nYUJxZXwCWWVBYZXPgRxGDuQcZRhKTtD/Jp5Jl+9EWU=",
        "owner": "oxalica",
        "repo": "rust-overlay",
        "rev": "bb71557c93cad40f5921b2342d7fd69f9e6497ab",
        "type": "github"
      },
      "original": {
        "owner": "oxalica",
        "repo": "rust-overlay",
        "type": "github"
      }
    },
    "systems": {
      "locked": {
        "lastModified": 1681028828,
        "narHash": "sha256-Vy1rq5AaRuLzOxct8nz4T6wlgyUR7zLU309k9mBC768=",
        "owner": "nix-systems",
        "repo": "default",
        "rev": "da67096a3b9bf56a91d16901293e51ba5b49a27e",
        "type": "github"
      },
      "original": {
        "owner": "nix-systems",
        "repo": "default",
        "type": "github"
      }
    },
    "systems_2": {
      "locked": {
        "lastModified": 1681028828,
        "narHash": "sha256-Vy1rq5AaRuLzOxct8nz4T6wlgyUR7zLU309k9mBC768=",
        "owner": "nix-systems",
        "repo": "default",
        "rev": "da67096a3b9bf56a91d16901293e51ba5b49a27e",
        "type": "github"
      },
      "original": {
        "owner": "nix-systems",
        "repo": "default",
        "type": "github"
      }
    },
    "systems_3": {
      "locked": {
        "lastModified": 1681028828,
        "narHash": "sha256-Vy1rq5AaRuLzOxct8nz4T6wlgyUR7zLU309k9mBC768=",
        "owner": "nix-systems",
        "repo": "default",
        "rev": "da67096a3b9bf56a91d16901293e51ba5b49a27e",
        "type": "github"
      },
      "original": {
        "owner": "nix-systems",
        "repo": "default",
        "type": "github"
      }
    },
    "systems_4": {
      "locked": {
        "lastModified": 1681028828,
        "narHash": "sha256-Vy1rq5AaRuLzOxct8nz4T6wlgyUR7zLU309k9mBC768=",
        "owner": "nix-systems",
        "repo": "default",
        "rev": "da67096a3b9bf56a91d16901293e51ba5b49a27e",
        "type": "github"
      },
      "original": {
        "owner": "nix-systems",
        "repo": "default",
        "type": "github"
      }
    },
    "systems_5": {
      "locked": {
        "lastModified": 1681028828,
        "narHash": "sha256-Vy1rq5AaRuLzOxct8nz4T6wlgyUR7zLU309k9mBC768=",
        "owner": "nix-systems",
        "repo": "default",
        "rev": "da67096a3b9bf56a91d16901293e51ba5b49a27e",
        "type": "github"
      },
      "original": {
        "owner": "nix-systems",
        "repo": "default",
        "type": "github"
      }
    },
    "virshle": {
      "inputs": {
        "flake-utils": "flake-utils_5",
        "nixpkgs": "nixpkgs_8"
      },
      "locked": {
        "lastModified": 1706199154,
        "narHash": "sha256-UbfD98fCvZbdX8xDX9My/+IYdSoy+HuJLugaeJS0SEo=",
        "owner": "pipelight",
        "repo": "virshle",
        "rev": "c503987ac4dfa42e7c5e2b3eeace616741091010",
        "type": "github"
      },
      "original": {
        "owner": "pipelight",
        "repo": "virshle",
        "type": "github"
      }
    }
  },
  "root": "root",
  "version": 7
}
